
Microsoft Visual Studio Solution File, Format Version 12.00
# Visual Studio Version 16
VisualStudioVersion = 16.0.31911.196
MinimumVisualStudioVersion = 10.0.40219.1
Project("{FAE04EC0-301F-11D3-BF4B-00C04F79EFBC}") = "HoneySpotService", "HoneySpotService.csproj", "{BF9D7D31-04FA-49E3-99CE-FC208337B26B}"
EndProject
Global
	GlobalSection(SolutionConfigurationPlatforms) = preSolution
		Debug|Any CPU = Debug|Any CPU
		Release|Any CPU = Release|Any CPU
	EndGlobalSection
	GlobalSection(ProjectConfigurationPlatforms) = postSolution
		{BF9D7D31-04FA-49E3-99CE-FC208337B26B}.Debug|Any CPU.ActiveCfg = Debug|Any CPU
		{BF9D7D31-04FA-49E3-99CE-FC208337B26B}.Debug|Any CPU.Build.0 = Debug|Any CPU
		{BF9D7D31-04FA-49E3-99CE-FC208337B26B}.Release|Any CPU.ActiveCfg = Release|Any CPU
		{BF9D7D31-04FA-49E3-99CE-FC208337B26B}.Release|Any CPU.Build.0 = Release|Any CPU
	EndGlobalSection
	GlobalSection(SolutionProperties) = preSolution
		HideSolutionNode = FALSE
	EndGlobalSection
	GlobalSection(ExtensibilityGlobals) = postSolution
		SolutionGuid = {4D9D15E7-D3CE-4FCE-BFD2-FC52A32C02AE}
	EndGlobalSection
EndGlobal
